
Microsoft Visual Studio Solution File, Format Version 12.00
# Visual Studio Version 16
VisualStudioVersion = 25.0.1706.9
MinimumVisualStudioVersion = 10.0.40219.1
Project("{FAE04EC0-301F-11D3-BF4B-00C04F79EFBC}") = "netPlayground", "netPlayground\netPlayground.csproj", "{CD4E128B-AC39-467B-84A2-E507A95B8809}"
EndProject
Project("{2150E333-8FDC-42A3-9474-1A3956D46DE8}") = "Solution Items", "Solution Items", "{D8CCD7D3-32F7-4B1D-9F99-0FA3BB867F2B}"
	ProjectSection(SolutionItems) = preProject
		notes.txt = notes.txt
	EndProjectSection
EndProject
Global
	GlobalSection(SolutionConfigurationPlatforms) = preSolution
		Debug|Any CPU = Debug|Any CPU
		Release|Any CPU = Release|Any CPU
	EndGlobalSection
	GlobalSection(ProjectConfigurationPlatforms) = postSolution
		{CD4E128B-AC39-467B-84A2-E507A95B8809}.Debug|Any CPU.ActiveCfg = Debug|Any CPU
		{CD4E128B-AC39-467B-84A2-E507A95B8809}.Debug|Any CPU.Build.0 = Debug|Any CPU
		{CD4E128B-AC39-467B-84A2-E507A95B8809}.Release|Any CPU.ActiveCfg = Release|Any CPU
		{CD4E128B-AC39-467B-84A2-E507A95B8809}.Release|Any CPU.Build.0 = Release|Any CPU
	EndGlobalSection
	GlobalSection(SolutionProperties) = preSolution
		HideSolutionNode = FALSE
	EndGlobalSection
	GlobalSection(ExtensibilityGlobals) = postSolution
		SolutionGuid = {56DE3451-29EE-4811-8C8C-4D6BD6C06BE8}
	EndGlobalSection
EndGlobal
